// !$*UTF8*$!
{
	archiveVersion = 1;
	classes = {
	};
	objectVersion = 46;
	objects = {

/* Begin PBXBuildFile section */
		A13783211AC68CD6000C541A /* AppDelegate.swift in Sources */ = {isa = PBXBuildFile; fileRef = A13783201AC68CD6000C541A /* AppDelegate.swift */; };
		A13783241AC68CD6000C541A /* Usersafety.xcdatamodeld in Sources */ = {isa = PBXBuildFile; fileRef = A13783221AC68CD6000C541A /* Usersafety.xcdatamodeld */; };
		A13783261AC68CD6000C541A /* ViewController.swift in Sources */ = {isa = PBXBuildFile; fileRef = A13783251AC68CD6000C541A /* ViewController.swift */; };
		A13783291AC68CD6000C541A /* Main.storyboard in Resources */ = {isa = PBXBuildFile; fileRef = A13783271AC68CD6000C541A /* Main.storyboard */; };
		A137832B1AC68CD6000C541A /* Images.xcassets in Resources */ = {isa = PBXBuildFile; fileRef = A137832A1AC68CD6000C541A /* Images.xcassets */; };
		A137832E1AC68CD6000C541A /* LaunchScreen.xib in Resources */ = {isa = PBXBuildFile; fileRef = A137832C1AC68CD6000C541A /* LaunchScreen.xib */; };
		A137833A1AC68CD6000C541A /* UsersafetyTests.swift in Sources */ = {isa = PBXBuildFile; fileRef = A13783391AC68CD6000C541A /* UsersafetyTests.swift */; };
		A15AA3F21AC8C97600405C6C /* CallHttp.swift in Sources */ = {isa = PBXBuildFile; fileRef = A15AA3C01AC8C97600405C6C /* CallHttp.swift */; };
		A15AA3F31AC8C97600405C6C /* CallHttps.swift in Sources */ = {isa = PBXBuildFile; fileRef = A15AA3C11AC8C97600405C6C /* CallHttps.swift */; };
		A15AA3F41AC8C97600405C6C /* InfoPlistBundle.swift in Sources */ = {isa = PBXBuildFile; fileRef = A15AA3C31AC8C97600405C6C /* InfoPlistBundle.swift */; };
		A15AA3F51AC8C97600405C6C /* JSONParser.swift in Sources */ = {isa = PBXBuildFile; fileRef = A15AA3C41AC8C97600405C6C /* JSONParser.swift */; };
		A15AA3F61AC8C97600405C6C /* ParserJSON.swift in Sources */ = {isa = PBXBuildFile; fileRef = A15AA3C51AC8C97600405C6C /* ParserJSON.swift */; };
		A15AA3F71AC8C97600405C6C /* UIElements.swift in Sources */ = {isa = PBXBuildFile; fileRef = A15AA3D01AC8C97600405C6C /* UIElements.swift */; };
		A15AA3F81AC8C97600405C6C /* 02841_theroadtonowhere_1440x900.jpg in Resources */ = {isa = PBXBuildFile; fileRef = A15AA3D41AC8C97600405C6C /* 02841_theroadtonowhere_1440x900.jpg */; };
		A15AA3F91AC8C97600405C6C /* dukebluedevils1.jpg in Resources */ = {isa = PBXBuildFile; fileRef = A15AA3D61AC8C97600405C6C /* dukebluedevils1.jpg */; };
		A15AA3FA1AC8C97600405C6C /* floridagators1.jpg in Resources */ = {isa = PBXBuildFile; fileRef = A15AA3D71AC8C97600405C6C /* floridagators1.jpg */; };
		A15AA3FB1AC8C97600405C6C /* georgetownhoyas1.jpg in Resources */ = {isa = PBXBuildFile; fileRef = A15AA3D81AC8C97600405C6C /* georgetownhoyas1.jpg */; };
		A15AA3FC1AC8C97600405C6C /* georgiatechyellowjackets1.jpg in Resources */ = {isa = PBXBuildFile; fileRef = A15AA3D91AC8C97600405C6C /* georgiatechyellowjackets1.jpg */; };
		A15AA3FD1AC8C97600405C6C /* northcarolinatarheels1.jpg in Resources */ = {isa = PBXBuildFile; fileRef = A15AA3DA1AC8C97600405C6C /* northcarolinatarheels1.jpg */; };
		A15AA3FE1AC8C97600405C6C /* ohiostatebuckeyes1.jpg in Resources */ = {isa = PBXBuildFile; fileRef = A15AA3DB1AC8C97600405C6C /* ohiostatebuckeyes1.jpg */; };
		A15AA3FF1AC8C97600405C6C /* oklahomasooners1.jpg in Resources */ = {isa = PBXBuildFile; fileRef = A15AA3DC1AC8C97600405C6C /* oklahomasooners1.jpg */; };
		A15AA4001AC8C97600405C6C /* oklahomastatecowboys.jpg in Resources */ = {isa = PBXBuildFile; fileRef = A15AA3DD1AC8C97600405C6C /* oklahomastatecowboys.jpg */; };
		A15AA4011AC8C97600405C6C /* oregonducks1.jpg in Resources */ = {isa = PBXBuildFile; fileRef = A15AA3DE1AC8C97600405C6C /* oregonducks1.jpg */; };
		A15AA4021AC8C97600405C6C /* providencefriars1.jpg in Resources */ = {isa = PBXBuildFile; fileRef = A15AA3DF1AC8C97600405C6C /* providencefriars1.jpg */; };
		A15AA4031AC8C97600405C6C /* seememu.jpg in Resources */ = {isa = PBXBuildFile; fileRef = A15AA3E01AC8C97600405C6C /* seememu.jpg */; };
		A15AA4041AC8C97600405C6C /* prUsersafety_ActivateAccount.swift in Sources */ = {isa = PBXBuildFile; fileRef = A15AA3E21AC8C97600405C6C /* prUsersafety_ActivateAccount.swift */; };
		A15AA4051AC8C97600405C6C /* prUsersafety_LoggedInData.swift in Sources */ = {isa = PBXBuildFile; fileRef = A15AA3E31AC8C97600405C6C /* prUsersafety_LoggedInData.swift */; };
		A15AA4061AC8C97600405C6C /* prUsersafety_Login.swift in Sources */ = {isa = PBXBuildFile; fileRef = A15AA3E41AC8C97600405C6C /* prUsersafety_Login.swift */; };
		A15AA4071AC8C97600405C6C /* prUsersafety_LoginResetPassword.swift in Sources */ = {isa = PBXBuildFile; fileRef = A15AA3E51AC8C97600405C6C /* prUsersafety_LoginResetPassword.swift */; };
		A15AA4081AC8C97600405C6C /* prUsersafety_Registration.swift in Sources */ = {isa = PBXBuildFile; fileRef = A15AA3E61AC8C97600405C6C /* prUsersafety_Registration.swift */; };
		A15AA4091AC8C97600405C6C /* prUsersafety_ResetPassword.swift in Sources */ = {isa = PBXBuildFile; fileRef = A15AA3E71AC8C97600405C6C /* prUsersafety_ResetPassword.swift */; };
		A15AA40A1AC8C97600405C6C /* usersafety.storyboard in Resources */ = {isa = PBXBuildFile; fileRef = A15AA3E81AC8C97600405C6C /* usersafety.storyboard */; };
		A15AA40B1AC8C97600405C6C /* vcUsersafety_ActivateAccount.swift in Sources */ = {isa = PBXBuildFile; fileRef = A15AA3EA1AC8C97600405C6C /* vcUsersafety_ActivateAccount.swift */; };
		A15AA40C1AC8C97600405C6C /* vcUsersafety_ActivateAccountSent.swift in Sources */ = {isa = PBXBuildFile; fileRef = A15AA3EB1AC8C97600405C6C /* vcUsersafety_ActivateAccountSent.swift */; };
		A15AA40D1AC8C97600405C6C /* vcUsersafety_LoggedinData.swift in Sources */ = {isa = PBXBuildFile; fileRef = A15AA3EC1AC8C97600405C6C /* vcUsersafety_LoggedinData.swift */; };
		A15AA40E1AC8C97600405C6C /* vcUsersafety_Login.swift in Sources */ = {isa = PBXBuildFile; fileRef = A15AA3ED1AC8C97600405C6C /* vcUsersafety_Login.swift */; };
		A15AA40F1AC8C97600405C6C /* vcUsersafety_Registration.swift in Sources */ = {isa = PBXBuildFile; fileRef = A15AA3EE1AC8C97600405C6C /* vcUsersafety_Registration.swift */; };
		A15AA4101AC8C97600405C6C /* vcUsersafety_RegistrationSent.swift in Sources */ = {isa = PBXBuildFile; fileRef = A15AA3EF1AC8C97600405C6C /* vcUsersafety_RegistrationSent.swift */; };
		A15AA4111AC8C97600405C6C /* vcUsersafety_ResetPassword.swift in Sources */ = {isa = PBXBuildFile; fileRef = A15AA3F01AC8C97600405C6C /* vcUsersafety_ResetPassword.swift */; };
		A15AA4121AC8C97600405C6C /* vcUsersafety_ResetPasswordSent.swift in Sources */ = {isa = PBXBuildFile; fileRef = A15AA3F11AC8C97600405C6C /* vcUsersafety_ResetPasswordSent.swift */; };
/* End PBXBuildFile section */

/* Begin PBXContainerItemProxy section */
		A13783341AC68CD6000C541A /* PBXContainerItemProxy */ = {
			isa = PBXContainerItemProxy;
			containerPortal = A13783131AC68CD6000C541A /* Project object */;
			proxyType = 1;
			remoteGlobalIDString = A137831A1AC68CD6000C541A;
			remoteInfo = Usersafety;
		};
/* End PBXContainerItemProxy section */

/* Begin PBXFileReference section */
		A137831B1AC68CD6000C541A /* Usersafety.app */ = {isa = PBXFileReference; explicitFileType = wrapper.application; includeInIndex = 0; path = Usersafety.app; sourceTree = BUILT_PRODUCTS_DIR; };
		A137831F1AC68CD6000C541A /* Info.plist */ = {isa = PBXFileReference; lastKnownFileType = text.plist.xml; path = Info.plist; sourceTree = "<group>"; };
		A13783201AC68CD6000C541A /* AppDelegate.swift */ = {isa = PBXFileReference; lastKnownFileType = sourcecode.swift; path = AppDelegate.swift; sourceTree = "<group>"; };
		A13783231AC68CD6000C541A /* Usersafety.xcdatamodel */ = {isa = PBXFileReference; lastKnownFileType = wrapper.xcdatamodel; path = Usersafety.xcdatamodel; sourceTree = "<group>"; };
		A13783251AC68CD6000C541A /* ViewController.swift */ = {isa = PBXFileReference; lastKnownFileType = sourcecode.swift; path = ViewController.swift; sourceTree = "<group>"; };
		A13783281AC68CD6000C541A /* Base */ = {isa = PBXFileReference; lastKnownFileType = file.storyboard; name = Base; path = Base.lproj/Main.storyboard; sourceTree = "<group>"; };
		A137832A1AC68CD6000C541A /* Images.xcassets */ = {isa = PBXFileReference; lastKnownFileType = folder.assetcatalog; path = Images.xcassets; sourceTree = "<group>"; };
		A137832D1AC68CD6000C541A /* Base */ = {isa = PBXFileReference; lastKnownFileType = file.xib; name = Base; path = Base.lproj/LaunchScreen.xib; sourceTree = "<group>"; };
		A13783331AC68CD6000C541A /* UsersafetyTests.xctest */ = {isa = PBXFileReference; explicitFileType = wrapper.cfbundle; includeInIndex = 0; path = UsersafetyTests.xctest; sourceTree = BUILT_PRODUCTS_DIR; };
		A13783381AC68CD6000C541A /* Info.plist */ = {isa = PBXFileReference; lastKnownFileType = text.plist.xml; path = Info.plist; sourceTree = "<group>"; };
		A13783391AC68CD6000C541A /* UsersafetyTests.swift */ = {isa = PBXFileReference; lastKnownFileType = sourcecode.swift; path = UsersafetyTests.swift; sourceTree = "<group>"; };
		A15AA3C01AC8C97600405C6C /* CallHttp.swift */ = {isa = PBXFileReference; fileEncoding = 4; lastKnownFileType = sourcecode.swift; path = CallHttp.swift; sourceTree = "<group>"; };
		A15AA3C11AC8C97600405C6C /* CallHttps.swift */ = {isa = PBXFileReference; fileEncoding = 4; lastKnownFileType = sourcecode.swift; path = CallHttps.swift; sourceTree = "<group>"; };
		A15AA3C31AC8C97600405C6C /* InfoPlistBundle.swift */ = {isa = PBXFileReference; fileEncoding = 4; lastKnownFileType = sourcecode.swift; path = InfoPlistBundle.swift; sourceTree = "<group>"; };
		A15AA3C41AC8C97600405C6C /* JSONParser.swift */ = {isa = PBXFileReference; fileEncoding = 4; lastKnownFileType = sourcecode.swift; path = JSONParser.swift; sourceTree = "<group>"; };
		A15AA3C51AC8C97600405C6C /* ParserJSON.swift */ = {isa = PBXFileReference; fileEncoding = 4; lastKnownFileType = sourcecode.swift; path = ParserJSON.swift; sourceTree = "<group>"; };
		A15AA3D01AC8C97600405C6C /* UIElements.swift */ = {isa = PBXFileReference; fileEncoding = 4; lastKnownFileType = sourcecode.swift; path = UIElements.swift; sourceTree = "<group>"; };
		A15AA3D41AC8C97600405C6C /* 02841_theroadtonowhere_1440x900.jpg */ = {isa = PBXFileReference; lastKnownFileType = image.jpeg; path = 02841_theroadtonowhere_1440x900.jpg; sourceTree = "<group>"; };
		A15AA3D61AC8C97600405C6C /* dukebluedevils1.jpg */ = {isa = PBXFileReference; lastKnownFileType = image.jpeg; path = dukebluedevils1.jpg; sourceTree = "<group>"; };
		A15AA3D71AC8C97600405C6C /* floridagators1.jpg */ = {isa = PBXFileReference; lastKnownFileType = image.jpeg; path = floridagators1.jpg; sourceTree = "<group>"; };
		A15AA3D81AC8C97600405C6C /* georgetownhoyas1.jpg */ = {isa = PBXFileReference; lastKnownFileType = image.jpeg; path = georgetownhoyas1.jpg; sourceTree = "<group>"; };
		A15AA3D91AC8C97600405C6C /* georgiatechyellowjackets1.jpg */ = {isa = PBXFileReference; lastKnownFileType = image.jpeg; path = georgiatechyellowjackets1.jpg; sourceTree = "<group>"; };
		A15AA3DA1AC8C97600405C6C /* northcarolinatarheels1.jpg */ = {isa = PBXFileReference; lastKnownFileType = image.jpeg; path = northcarolinatarheels1.jpg; sourceTree = "<group>"; };
		A15AA3DB1AC8C97600405C6C /* ohiostatebuckeyes1.jpg */ = {isa = PBXFileReference; lastKnownFileType = image.jpeg; path = ohiostatebuckeyes1.jpg; sourceTree = "<group>"; };
		A15AA3DC1AC8C97600405C6C /* oklahomasooners1.jpg */ = {isa = PBXFileReference; lastKnownFileType = image.jpeg; path = oklahomasooners1.jpg; sourceTree = "<group>"; };
		A15AA3DD1AC8C97600405C6C /* oklahomastatecowboys.jpg */ = {isa = PBXFileReference; lastKnownFileType = image.jpeg; path = oklahomastatecowboys.jpg; sourceTree = "<group>"; };
		A15AA3DE1AC8C97600405C6C /* oregonducks1.jpg */ = {isa = PBXFileReference; lastKnownFileType = image.jpeg; path = oregonducks1.jpg; sourceTree = "<group>"; };
		A15AA3DF1AC8C97600405C6C /* providencefriars1.jpg */ = {isa = PBXFileReference; lastKnownFileType = image.jpeg; path = providencefriars1.jpg; sourceTree = "<group>"; };
		A15AA3E01AC8C97600405C6C /* seememu.jpg */ = {isa = PBXFileReference; lastKnownFileType = image.jpeg; path = seememu.jpg; sourceTree = "<group>"; };
		A15AA3E21AC8C97600405C6C /* prUsersafety_ActivateAccount.swift */ = {isa = PBXFileReference; fileEncoding = 4; lastKnownFileType = sourcecode.swift; path = prUsersafety_ActivateAccount.swift; sourceTree = "<group>"; };
		A15AA3E31AC8C97600405C6C /* prUsersafety_LoggedInData.swift */ = {isa = PBXFileReference; fileEncoding = 4; lastKnownFileType = sourcecode.swift; path = prUsersafety_LoggedInData.swift; sourceTree = "<group>"; };
		A15AA3E41AC8C97600405C6C /* prUsersafety_Login.swift */ = {isa = PBXFileReference; fileEncoding = 4; lastKnownFileType = sourcecode.swift; path = prUsersafety_Login.swift; sourceTree = "<group>"; };
		A15AA3E51AC8C97600405C6C /* prUsersafety_LoginResetPassword.swift */ = {isa = PBXFileReference; fileEncoding = 4; lastKnownFileType = sourcecode.swift; path = prUsersafety_LoginResetPassword.swift; sourceTree = "<group>"; };
		A15AA3E61AC8C97600405C6C /* prUsersafety_Registration.swift */ = {isa = PBXFileReference; fileEncoding = 4; lastKnownFileType = sourcecode.swift; path = prUsersafety_Registration.swift; sourceTree = "<group>"; };
		A15AA3E71AC8C97600405C6C /* prUsersafety_ResetPassword.swift */ = {isa = PBXFileReference; fileEncoding = 4; lastKnownFileType = sourcecode.swift; path = prUsersafety_ResetPassword.swift; sourceTree = "<group>"; };
		A15AA3E81AC8C97600405C6C /* usersafety.storyboard */ = {isa = PBXFileReference; fileEncoding = 4; lastKnownFileType = file.storyboard; path = usersafety.storyboard; sourceTree = "<group>"; };
		A15AA3EA1AC8C97600405C6C /* vcUsersafety_ActivateAccount.swift */ = {isa = PBXFileReference; fileEncoding = 4; lastKnownFileType = sourcecode.swift; path = vcUsersafety_ActivateAccount.swift; sourceTree = "<group>"; };
		A15AA3EB1AC8C97600405C6C /* vcUsersafety_ActivateAccountSent.swift */ = {isa = PBXFileReference; fileEncoding = 4; lastKnownFileType = sourcecode.swift; path = vcUsersafety_ActivateAccountSent.swift; sourceTree = "<group>"; };
		A15AA3EC1AC8C97600405C6C /* vcUsersafety_LoggedinData.swift */ = {isa = PBXFileReference; fileEncoding = 4; lastKnownFileType = sourcecode.swift; path = vcUsersafety_LoggedinData.swift; sourceTree = "<group>"; };
		A15AA3ED1AC8C97600405C6C /* vcUsersafety_Login.swift */ = {isa = PBXFileReference; fileEncoding = 4; lastKnownFileType = sourcecode.swift; path = vcUsersafety_Login.swift; sourceTree = "<group>"; };
		A15AA3EE1AC8C97600405C6C /* vcUsersafety_Registration.swift */ = {isa = PBXFileReference; fileEncoding = 4; lastKnownFileType = sourcecode.swift; path = vcUsersafety_Registration.swift; sourceTree = "<group>"; };
		A15AA3EF1AC8C97600405C6C /* vcUsersafety_RegistrationSent.swift */ = {isa = PBXFileReference; fileEncoding = 4; lastKnownFileType = sourcecode.swift; path = vcUsersafety_RegistrationSent.swift; sourceTree = "<group>"; };
		A15AA3F01AC8C97600405C6C /* vcUsersafety_ResetPassword.swift */ = {isa = PBXFileReference; fileEncoding = 4; lastKnownFileType = sourcecode.swift; path = vcUsersafety_ResetPassword.swift; sourceTree = "<group>"; };
		A15AA3F11AC8C97600405C6C /* vcUsersafety_ResetPasswordSent.swift */ = {isa = PBXFileReference; fileEncoding = 4; lastKnownFileType = sourcecode.swift; path = vcUsersafety_ResetPasswordSent.swift; sourceTree = "<group>"; };
/* End PBXFileReference section */

/* Begin PBXFrameworksBuildPhase section */
		A13783181AC68CD6000C541A /* Frameworks */ = {
			isa = PBXFrameworksBuildPhase;
			buildActionMask = 2147483647;
			files = (
			);
			runOnlyForDeploymentPostprocessing = 0;
		};
		A13783301AC68CD6000C541A /* Frameworks */ = {
			isa = PBXFrameworksBuildPhase;
			buildActionMask = 2147483647;
			files = (
			);
			runOnlyForDeploymentPostprocessing = 0;
		};
/* End PBXFrameworksBuildPhase section */

/* Begin PBXGroup section */
		A13783121AC68CD6000C541A = {
			isa = PBXGroup;
			children = (
				A137831D1AC68CD6000C541A /* Usersafety */,
				A13783361AC68CD6000C541A /* UsersafetyTests */,
				A137831C1AC68CD6000C541A /* Products */,
			);
			sourceTree = "<group>";
		};
		A137831C1AC68CD6000C541A /* Products */ = {
			isa = PBXGroup;
			children = (
				A137831B1AC68CD6000C541A /* Usersafety.app */,
				A13783331AC68CD6000C541A /* UsersafetyTests.xctest */,
			);
			name = Products;
			sourceTree = "<group>";
		};
		A137831D1AC68CD6000C541A /* Usersafety */ = {
			isa = PBXGroup;
			children = (
				A15AA3BE1AC8C97600405C6C /* classes */,
				A15AA3C91AC8C97600405C6C /* mimes */,
				A15AA3CC1AC8C97600405C6C /* Usersafety */,
				A13783201AC68CD6000C541A /* AppDelegate.swift */,
				A13783251AC68CD6000C541A /* ViewController.swift */,
				A13783271AC68CD6000C541A /* Main.storyboard */,
				A137832A1AC68CD6000C541A /* Images.xcassets */,
				A137832C1AC68CD6000C541A /* LaunchScreen.xib */,
				A13783221AC68CD6000C541A /* Usersafety.xcdatamodeld */,
				A137831E1AC68CD6000C541A /* Supporting Files */,
			);
			path = Usersafety;
			sourceTree = "<group>";
		};
		A137831E1AC68CD6000C541A /* Supporting Files */ = {
			isa = PBXGroup;
			children = (
				A137831F1AC68CD6000C541A /* Info.plist */,
			);
			name = "Supporting Files";
			sourceTree = "<group>";
		};
		A13783361AC68CD6000C541A /* UsersafetyTests */ = {
			isa = PBXGroup;
			children = (
				A13783391AC68CD6000C541A /* UsersafetyTests.swift */,
				A13783371AC68CD6000C541A /* Supporting Files */,
			);
			path = UsersafetyTests;
			sourceTree = "<group>";
		};
		A13783371AC68CD6000C541A /* Supporting Files */ = {
			isa = PBXGroup;
			children = (
				A13783381AC68CD6000C541A /* Info.plist */,
			);
			name = "Supporting Files";
			sourceTree = "<group>";
		};
		A15AA3BE1AC8C97600405C6C /* classes */ = {
			isa = PBXGroup;
			children = (
				A15AA3BF1AC8C97600405C6C /* callers */,
				A15AA3C21AC8C97600405C6C /* controls */,
				A15AA3C61AC8C97600405C6C /* elements */,
				A15AA3C71AC8C97600405C6C /* process */,
				A15AA3C81AC8C97600405C6C /* views */,
			);
			path = classes;
			sourceTree = "<group>";
		};
		A15AA3BF1AC8C97600405C6C /* callers */ = {
			isa = PBXGroup;
			children = (
				A15AA3C01AC8C97600405C6C /* CallHttp.swift */,
				A15AA3C11AC8C97600405C6C /* CallHttps.swift */,
			);
			path = callers;
			sourceTree = "<group>";
		};
		A15AA3C21AC8C97600405C6C /* controls */ = {
			isa = PBXGroup;
			children = (
				A15AA3C31AC8C97600405C6C /* InfoPlistBundle.swift */,
				A15AA3C41AC8C97600405C6C /* JSONParser.swift */,
				A15AA3C51AC8C97600405C6C /* ParserJSON.swift */,
			);
			path = controls;
			sourceTree = "<group>";
		};
		A15AA3C61AC8C97600405C6C /* elements */ = {
			isa = PBXGroup;
			children = (
			);
			path = elements;
			sourceTree = "<group>";
		};
		A15AA3C71AC8C97600405C6C /* process */ = {
			isa = PBXGroup;
			children = (
			);
			path = process;
			sourceTree = "<group>";
		};
		A15AA3C81AC8C97600405C6C /* views */ = {
			isa = PBXGroup;
			children = (
			);
			path = views;
			sourceTree = "<group>";
		};
		A15AA3C91AC8C97600405C6C /* mimes */ = {
			isa = PBXGroup;
			children = (
				A15AA3CA1AC8C97600405C6C /* images */,
			);
			path = mimes;
			sourceTree = "<group>";
		};
		A15AA3CA1AC8C97600405C6C /* images */ = {
			isa = PBXGroup;
			children = (
				A15AA3CB1AC8C97600405C6C /* backgrounds */,
			);
			path = images;
			sourceTree = "<group>";
		};
		A15AA3CB1AC8C97600405C6C /* backgrounds */ = {
			isa = PBXGroup;
			children = (
			);
			path = backgrounds;
			sourceTree = "<group>";
		};
		A15AA3CC1AC8C97600405C6C /* Usersafety */ = {
			isa = PBXGroup;
			children = (
				A15AA3E81AC8C97600405C6C /* usersafety.storyboard */,
				A15AA3CD1AC8C97600405C6C /* callers */,
				A15AA3CE1AC8C97600405C6C /* controls */,
				A15AA3CF1AC8C97600405C6C /* elements */,
				A15AA3D11AC8C97600405C6C /* mimes */,
				A15AA3E11AC8C97600405C6C /* process */,
				A15AA3E91AC8C97600405C6C /* views */,
			);
			path = Usersafety;
			sourceTree = "<group>";
		};
		A15AA3CD1AC8C97600405C6C /* callers */ = {
			isa = PBXGroup;
			children = (
			);
			path = callers;
			sourceTree = "<group>";
		};
		A15AA3CE1AC8C97600405C6C /* controls */ = {
			isa = PBXGroup;
			children = (
			);
			path = controls;
			sourceTree = "<group>";
		};
		A15AA3CF1AC8C97600405C6C /* elements */ = {
			isa = PBXGroup;
			children = (
				A15AA3D01AC8C97600405C6C /* UIElements.swift */,
			);
			path = elements;
			sourceTree = "<group>";
		};
		A15AA3D11AC8C97600405C6C /* mimes */ = {
			isa = PBXGroup;
			children = (
				A15AA3D21AC8C97600405C6C /* images */,
			);
			path = mimes;
			sourceTree = "<group>";
		};
		A15AA3D21AC8C97600405C6C /* images */ = {
			isa = PBXGroup;
			children = (
				A15AA3D31AC8C97600405C6C /* backgrounds */,
			);
			path = images;
			sourceTree = "<group>";
		};
		A15AA3D31AC8C97600405C6C /* backgrounds */ = {
			isa = PBXGroup;
			children = (
				A15AA3D41AC8C97600405C6C /* 02841_theroadtonowhere_1440x900.jpg */,
				A15AA3D51AC8C97600405C6C /* univerties */,
			);
			path = backgrounds;
			sourceTree = "<group>";
		};
		A15AA3D51AC8C97600405C6C /* univerties */ = {
			isa = PBXGroup;
			children = (
				A15AA3D61AC8C97600405C6C /* dukebluedevils1.jpg */,
				A15AA3D71AC8C97600405C6C /* floridagators1.jpg */,
				A15AA3D81AC8C97600405C6C /* georgetownhoyas1.jpg */,
				A15AA3D91AC8C97600405C6C /* georgiatechyellowjackets1.jpg */,
				A15AA3DA1AC8C97600405C6C /* northcarolinatarheels1.jpg */,
				A15AA3DB1AC8C97600405C6C /* ohiostatebuckeyes1.jpg */,
				A15AA3DC1AC8C97600405C6C /* oklahomasooners1.jpg */,
				A15AA3DD1AC8C97600405C6C /* oklahomastatecowboys.jpg */,
				A15AA3DE1AC8C97600405C6C /* oregonducks1.jpg */,
				A15AA3DF1AC8C97600405C6C /* providencefriars1.jpg */,
				A15AA3E01AC8C97600405C6C /* seememu.jpg */,
			);
			path = univerties;
			sourceTree = "<group>";
		};
		A15AA3E11AC8C97600405C6C /* process */ = {
			isa = PBXGroup;
			children = (
				A15AA3E21AC8C97600405C6C /* prUsersafety_ActivateAccount.swift */,
				A15AA3E31AC8C97600405C6C /* prUsersafety_LoggedInData.swift */,
				A15AA3E41AC8C97600405C6C /* prUsersafety_Login.swift */,
				A15AA3E51AC8C97600405C6C /* prUsersafety_LoginResetPassword.swift */,
				A15AA3E61AC8C97600405C6C /* prUsersafety_Registration.swift */,
				A15AA3E71AC8C97600405C6C /* prUsersafety_ResetPassword.swift */,
			);
			path = process;
			sourceTree = "<group>";
		};
		A15AA3E91AC8C97600405C6C /* views */ = {
			isa = PBXGroup;
			children = (
				A15AA3EA1AC8C97600405C6C /* vcUsersafety_ActivateAccount.swift */,
				A15AA3EB1AC8C97600405C6C /* vcUsersafety_ActivateAccountSent.swift */,
				A15AA3EC1AC8C97600405C6C /* vcUsersafety_LoggedinData.swift */,
				A15AA3ED1AC8C97600405C6C /* vcUsersafety_Login.swift */,
				A15AA3EE1AC8C97600405C6C /* vcUsersafety_Registration.swift */,
				A15AA3EF1AC8C97600405C6C /* vcUsersafety_RegistrationSent.swift */,
				A15AA3F01AC8C97600405C6C /* vcUsersafety_ResetPassword.swift */,
				A15AA3F11AC8C97600405C6C /* vcUsersafety_ResetPasswordSent.swift */,
			);
			path = views;
			sourceTree = "<group>";
		};
/* End PBXGroup section */

/* Begin PBXNativeTarget section */
		A137831A1AC68CD6000C541A /* Usersafety */ = {
			isa = PBXNativeTarget;
			buildConfigurationList = A137833D1AC68CD6000C541A /* Build configuration list for PBXNativeTarget "Usersafety" */;
			buildPhases = (
				A13783171AC68CD6000C541A /* Sources */,
				A13783181AC68CD6000C541A /* Frameworks */,
				A13783191AC68CD6000C541A /* Resources */,
			);
			buildRules = (
			);
			dependencies = (
			);
			name = Usersafety;
			productName = Usersafety;
			productReference = A137831B1AC68CD6000C541A /* Usersafety.app */;
			productType = "com.apple.product-type.application";
		};
		A13783321AC68CD6000C541A /* UsersafetyTests */ = {
			isa = PBXNativeTarget;
			buildConfigurationList = A13783401AC68CD6000C541A /* Build configuration list for PBXNativeTarget "UsersafetyTests" */;
			buildPhases = (
				A137832F1AC68CD6000C541A /* Sources */,
				A13783301AC68CD6000C541A /* Frameworks */,
				A13783311AC68CD6000C541A /* Resources */,
			);
			buildRules = (
			);
			dependencies = (
				A13783351AC68CD6000C541A /* PBXTargetDependency */,
			);
			name = UsersafetyTests;
			productName = UsersafetyTests;
			productReference = A13783331AC68CD6000C541A /* UsersafetyTests.xctest */;
			productType = "com.apple.product-type.bundle.unit-test";
		};
/* End PBXNativeTarget section */

/* Begin PBXProject section */
		A13783131AC68CD6000C541A /* Project object */ = {
			isa = PBXProject;
			attributes = {
				LastUpgradeCheck = 0620;
				ORGANIZATIONNAME = "Riding the ShortBus";
				TargetAttributes = {
					A137831A1AC68CD6000C541A = {
						CreatedOnToolsVersion = 6.2;
					};
					A13783321AC68CD6000C541A = {
						CreatedOnToolsVersion = 6.2;
						TestTargetID = A137831A1AC68CD6000C541A;
					};
				};
			};
			buildConfigurationList = A13783161AC68CD6000C541A /* Build configuration list for PBXProject "Usersafety" */;
			compatibilityVersion = "Xcode 3.2";
			developmentRegion = English;
			hasScannedForEncodings = 0;
			knownRegions = (
				en,
				Base,
			);
			mainGroup = A13783121AC68CD6000C541A;
			productRefGroup = A137831C1AC68CD6000C541A /* Products */;
			projectDirPath = "";
			projectRoot = "";
			targets = (
				A137831A1AC68CD6000C541A /* Usersafety */,
				A13783321AC68CD6000C541A /* UsersafetyTests */,
			);
		};
/* End PBXProject section */

/* Begin PBXResourcesBuildPhase section */
		A13783191AC68CD6000C541A /* Resources */ = {
			isa = PBXResourcesBuildPhase;
			buildActionMask = 2147483647;
			files = (
				A15AA3FC1AC8C97600405C6C /* georgiatechyellowjackets1.jpg in Resources */,
				A13783291AC68CD6000C541A /* Main.storyboard in Resources */,
				A15AA4001AC8C97600405C6C /* oklahomastatecowboys.jpg in Resources */,
				A15AA3FA1AC8C97600405C6C /* floridagators1.jpg in Resources */,
				A15AA3FE1AC8C97600405C6C /* ohiostatebuckeyes1.jpg in Resources */,
				A137832E1AC68CD6000C541A /* LaunchScreen.xib in Resources */,
				A15AA3FB1AC8C97600405C6C /* georgetownhoyas1.jpg in Resources */,
				A15AA40A1AC8C97600405C6C /* usersafety.storyboard in Resources */,
				A15AA3F91AC8C97600405C6C /* dukebluedevils1.jpg in Resources */,
				A137832B1AC68CD6000C541A /* Images.xcassets in Resources */,
				A15AA3FD1AC8C97600405C6C /* northcarolinatarheels1.jpg in Resources */,
				A15AA3F81AC8C97600405C6C /* 02841_theroadtonowhere_1440x900.jpg in Resources */,
				A15AA4011AC8C97600405C6C /* oregonducks1.jpg in Resources */,
				A15AA3FF1AC8C97600405C6C /* oklahomasooners1.jpg in Resources */,
				A15AA4021AC8C97600405C6C /* providencefriars1.jpg in Resources */,
				A15AA4031AC8C97600405C6C /* seememu.jpg in Resources */,
			);
			runOnlyForDeploymentPostprocessing = 0;
		};
		A13783311AC68CD6000C541A /* Resources */ = {
			isa = PBXResourcesBuildPhase;
			buildActionMask = 2147483647;
			files = (
			);
			runOnlyForDeploymentPostprocessing = 0;
		};
/* End PBXResourcesBuildPhase section */

/* Begin PBXSourcesBuildPhase section */
		A13783171AC68CD6000C541A /* Sources */ = {
			isa = PBXSourcesBuildPhase;
			buildActionMask = 2147483647;
			files = (
				A15AA3F41AC8C97600405C6C /* InfoPlistBundle.swift in Sources */,
				A15AA4081AC8C97600405C6C /* prUsersafety_Registration.swift in Sources */,
				A15AA4111AC8C97600405C6C /* vcUsersafety_ResetPassword.swift in Sources */,
				A13783261AC68CD6000C541A /* ViewController.swift in Sources */,
				A15AA3F61AC8C97600405C6C /* ParserJSON.swift in Sources */,
				A15AA4101AC8C97600405C6C /* vcUsersafety_RegistrationSent.swift in Sources */,
				A15AA4071AC8C97600405C6C /* prUsersafety_LoginResetPassword.swift in Sources */,
				A15AA3F51AC8C97600405C6C /* JSONParser.swift in Sources */,
				A15AA40E1AC8C97600405C6C /* vcUsersafety_Login.swift in Sources */,
				A15AA40B1AC8C97600405C6C /* vcUsersafety_ActivateAccount.swift in Sources */,
				A15AA3F31AC8C97600405C6C /* CallHttps.swift in Sources */,
				A15AA4091AC8C97600405C6C /* prUsersafety_ResetPassword.swift in Sources */,
				A15AA4051AC8C97600405C6C /* prUsersafety_LoggedInData.swift in Sources */,
				A15AA3F21AC8C97600405C6C /* CallHttp.swift in Sources */,
				A15AA40F1AC8C97600405C6C /* vcUsersafety_Registration.swift in Sources */,
				A13783241AC68CD6000C541A /* Usersafety.xcdatamodeld in Sources */,
				A15AA4061AC8C97600405C6C /* prUsersafety_Login.swift in Sources */,
				A15AA3F71AC8C97600405C6C /* UIElements.swift in Sources */,
				A15AA4121AC8C97600405C6C /* vcUsersafety_ResetPasswordSent.swift in Sources */,
				A15AA40C1AC8C97600405C6C /* vcUsersafety_ActivateAccountSent.swift in Sources */,
				A13783211AC68CD6000C541A /* AppDelegate.swift in Sources */,
				A15AA40D1AC8C97600405C6C /* vcUsersafety_LoggedinData.swift in Sources */,
				A15AA4041AC8C97600405C6C /* prUsersafety_ActivateAccount.swift in Sources */,
			);
			runOnlyForDeploymentPostprocessing = 0;
		};
		A137832F1AC68CD6000C541A /* Sources */ = {
			isa = PBXSourcesBuildPhase;
			buildActionMask = 2147483647;
			files = (
				A137833A1AC68CD6000C541A /* UsersafetyTests.swift in Sources */,
			);
			runOnlyForDeploymentPostprocessing = 0;
		};
/* End PBXSourcesBuildPhase section */

/* Begin PBXTargetDependency section */
		A13783351AC68CD6000C541A /* PBXTargetDependency */ = {
			isa = PBXTargetDependency;
			target = A137831A1AC68CD6000C541A /* Usersafety */;
			targetProxy = A13783341AC68CD6000C541A /* PBXContainerItemProxy */;
		};
/* End PBXTargetDependency section */

/* Begin PBXVariantGroup section */
		A13783271AC68CD6000C541A /* Main.storyboard */ = {
			isa = PBXVariantGroup;
			children = (
				A13783281AC68CD6000C541A /* Base */,
			);
			name = Main.storyboard;
			sourceTree = "<group>";
		};
		A137832C1AC68CD6000C541A /* LaunchScreen.xib */ = {
			isa = PBXVariantGroup;
			children = (
				A137832D1AC68CD6000C541A /* Base */,
			);
			name = LaunchScreen.xib;
			sourceTree = "<group>";
		};
/* End PBXVariantGroup section */

/* Begin XCBuildConfiguration section */
		A137833B1AC68CD6000C541A /* Debug */ = {
			isa = XCBuildConfiguration;
			buildSettings = {
				ALWAYS_SEARCH_USER_PATHS = NO;
				CLANG_CXX_LANGUAGE_STANDARD = "gnu++0x";
				CLANG_CXX_LIBRARY = "libc++";
				CLANG_ENABLE_MODULES = YES;
				CLANG_ENABLE_OBJC_ARC = YES;
				CLANG_WARN_BOOL_CONVERSION = YES;
				CLANG_WARN_CONSTANT_CONVERSION = YES;
				CLANG_WARN_DIRECT_OBJC_ISA_USAGE = YES_ERROR;
				CLANG_WARN_EMPTY_BODY = YES;
				CLANG_WARN_ENUM_CONVERSION = YES;
				CLANG_WARN_INT_CONVERSION = YES;
				CLANG_WARN_OBJC_ROOT_CLASS = YES_ERROR;
				CLANG_WARN_UNREACHABLE_CODE = YES;
				CLANG_WARN__DUPLICATE_METHOD_MATCH = YES;
				"CODE_SIGN_IDENTITY[sdk=iphoneos*]" = "iPhone Developer";
				COPY_PHASE_STRIP = NO;
				ENABLE_STRICT_OBJC_MSGSEND = YES;
				GCC_C_LANGUAGE_STANDARD = gnu99;
				GCC_DYNAMIC_NO_PIC = NO;
				GCC_OPTIMIZATION_LEVEL = 0;
				GCC_PREPROCESSOR_DEFINITIONS = (
					"DEBUG=1",
					"$(inherited)",
				);
				GCC_SYMBOLS_PRIVATE_EXTERN = NO;
				GCC_WARN_64_TO_32_BIT_CONVERSION = YES;
				GCC_WARN_ABOUT_RETURN_TYPE = YES_ERROR;
				GCC_WARN_UNDECLARED_SELECTOR = YES;
				GCC_WARN_UNINITIALIZED_AUTOS = YES_AGGRESSIVE;
				GCC_WARN_UNUSED_FUNCTION = YES;
				GCC_WARN_UNUSED_VARIABLE = YES;
				IPHONEOS_DEPLOYMENT_TARGET = 8.2;
				MTL_ENABLE_DEBUG_INFO = YES;
				ONLY_ACTIVE_ARCH = YES;
				SDKROOT = iphoneos;
				SWIFT_OPTIMIZATION_LEVEL = "-Onone";
				TARGETED_DEVICE_FAMILY = "1,2";
			};
			name = Debug;
		};
		A137833C1AC68CD6000C541A /* Release */ = {
			isa = XCBuildConfiguration;
			buildSettings = {
				ALWAYS_SEARCH_USER_PATHS = NO;
				CLANG_CXX_LANGUAGE_STANDARD = "gnu++0x";
				CLANG_CXX_LIBRARY = "libc++";
				CLANG_ENABLE_MODULES = YES;
				CLANG_ENABLE_OBJC_ARC = YES;
				CLANG_WARN_BOOL_CONVERSION = YES;
				CLANG_WARN_CONSTANT_CONVERSION = YES;
				CLANG_WARN_DIRECT_OBJC_ISA_USAGE = YES_ERROR;
				CLANG_WARN_EMPTY_BODY = YES;
				CLANG_WARN_ENUM_CONVERSION = YES;
				CLANG_WARN_INT_CONVERSION = YES;
				CLANG_WARN_OBJC_ROOT_CLASS = YES_ERROR;
				CLANG_WARN_UNREACHABLE_CODE = YES;
				CLANG_WARN__DUPLICATE_METHOD_MATCH = YES;
				"CODE_SIGN_IDENTITY[sdk=iphoneos*]" = "iPhone Developer";
				COPY_PHASE_STRIP = NO;
				ENABLE_NS_ASSERTIONS = NO;
				ENABLE_STRICT_OBJC_MSGSEND = YES;
				GCC_C_LANGUAGE_STANDARD = gnu99;
				GCC_WARN_64_TO_32_BIT_CONVERSION = YES;
				GCC_WARN_ABOUT_RETURN_TYPE = YES_ERROR;
				GCC_WARN_UNDECLARED_SELECTOR = YES;
				GCC_WARN_UNINITIALIZED_AUTOS = YES_AGGRESSIVE;
				GCC_WARN_UNUSED_FUNCTION = YES;
				GCC_WARN_UNUSED_VARIABLE = YES;
				IPHONEOS_DEPLOYMENT_TARGET = 8.2;
				MTL_ENABLE_DEBUG_INFO = NO;
				SDKROOT = iphoneos;
				TARGETED_DEVICE_FAMILY = "1,2";
				VALIDATE_PRODUCT = YES;
			};
			name = Release;
		};
		A137833E1AC68CD6000C541A /* Debug */ = {
			isa = XCBuildConfiguration;
			buildSettings = {
				ASSETCATALOG_COMPILER_APPICON_NAME = AppIcon;
				INFOPLIST_FILE = Usersafety/Info.plist;
				LD_RUNPATH_SEARCH_PATHS = "$(inherited) @executable_path/Frameworks";
				PRODUCT_NAME = "$(TARGET_NAME)";
			};
			name = Debug;
		};
		A137833F1AC68CD6000C541A /* Release */ = {
			isa = XCBuildConfiguration;
			buildSettings = {
				ASSETCATALOG_COMPILER_APPICON_NAME = AppIcon;
				INFOPLIST_FILE = Usersafety/Info.plist;
				LD_RUNPATH_SEARCH_PATHS = "$(inherited) @executable_path/Frameworks";
				PRODUCT_NAME = "$(TARGET_NAME)";
			};
			name = Release;
		};
		A13783411AC68CD6000C541A /* Debug */ = {
			isa = XCBuildConfiguration;
			buildSettings = {
				BUNDLE_LOADER = "$(TEST_HOST)";
				FRAMEWORK_SEARCH_PATHS = (
					"$(SDKROOT)/Developer/Library/Frameworks",
					"$(inherited)",
				);
				GCC_PREPROCESSOR_DEFINITIONS = (
					"DEBUG=1",
					"$(inherited)",
				);
				INFOPLIST_FILE = UsersafetyTests/Info.plist;
				LD_RUNPATH_SEARCH_PATHS = "$(inherited) @executable_path/Frameworks @loader_path/Frameworks";
				PRODUCT_NAME = "$(TARGET_NAME)";
				TEST_HOST = "$(BUILT_PRODUCTS_DIR)/Usersafety.app/Usersafety";
			};
			name = Debug;
		};
		A13783421AC68CD6000C541A /* Release */ = {
			isa = XCBuildConfiguration;
			buildSettings = {
				BUNDLE_LOADER = "$(TEST_HOST)";
				FRAMEWORK_SEARCH_PATHS = (
					"$(SDKROOT)/Developer/Library/Frameworks",
					"$(inherited)",
				);
				INFOPLIST_FILE = UsersafetyTests/Info.plist;
				LD_RUNPATH_SEARCH_PATHS = "$(inherited) @executable_path/Frameworks @loader_path/Frameworks";
				PRODUCT_NAME = "$(TARGET_NAME)";
				TEST_HOST = "$(BUILT_PRODUCTS_DIR)/Usersafety.app/Usersafety";
			};
			name = Release;
		};
/* End XCBuildConfiguration section */

/* Begin XCConfigurationList section */
		A13783161AC68CD6000C541A /* Build configuration list for PBXProject "Usersafety" */ = {
			isa = XCConfigurationList;
			buildConfigurations = (
				A137833B1AC68CD6000C541A /* Debug */,
				A137833C1AC68CD6000C541A /* Release */,
			);
			defaultConfigurationIsVisible = 0;
			defaultConfigurationName = Release;
		};
		A137833D1AC68CD6000C541A /* Build configuration list for PBXNativeTarget "Usersafety" */ = {
			isa = XCConfigurationList;
			buildConfigurations = (
				A137833E1AC68CD6000C541A /* Debug */,
				A137833F1AC68CD6000C541A /* Release */,
			);
			defaultConfigurationIsVisible = 0;
			defaultConfigurationName = Release;
		};
		A13783401AC68CD6000C541A /* Build configuration list for PBXNativeTarget "UsersafetyTests" */ = {
			isa = XCConfigurationList;
			buildConfigurations = (
				A13783411AC68CD6000C541A /* Debug */,
				A13783421AC68CD6000C541A /* Release */,
			);
			defaultConfigurationIsVisible = 0;
			defaultConfigurationName = Release;
		};
/* End XCConfigurationList section */

/* Begin XCVersionGroup section */
		A13783221AC68CD6000C541A /* Usersafety.xcdatamodeld */ = {
			isa = XCVersionGroup;
			children = (
				A13783231AC68CD6000C541A /* Usersafety.xcdatamodel */,
			);
			currentVersion = A13783231AC68CD6000C541A /* Usersafety.xcdatamodel */;
			path = Usersafety.xcdatamodeld;
			sourceTree = "<group>";
			versionGroupType = wrapper.xcdatamodel;
		};
/* End XCVersionGroup section */
	};
	rootObject = A13783131AC68CD6000C541A /* Project object */;
}
